{
    "_readme": [
        "This file locks the dependencies of your project to a known state",
        "Read more about it at https://getcomposer.org/doc/01-basic-usage.md#installing-dependencies",
        "This file is @generated automatically"
    ],
    "content-hash": "5cbb71e0462b2ffaf9535251a8a6aa69",
    "packages": [
        {
            "name": "danidoble/translation",
            "version": "v0.0.2",
            "source": {
                "type": "git",
                "url": "https://github.com/danidoble/translation.git",
                "reference": "36ff9bbdaaac2f68872f0d61524c18b58632fbf7"
            },
            "dist": {
                "type": "zip",
                "url": "https://api.github.com/repos/danidoble/translation/zipball/36ff9bbdaaac2f68872f0d61524c18b58632fbf7",
                "reference": "36ff9bbdaaac2f68872f0d61524c18b58632fbf7",
                "shasum": ""
            },
            "require": {
                "ext-json": "*",
                "php": "^7.3|^8.0"
            },
            "suggest": {
                "danidoble/gf": "*"
            },
            "type": "plugin",
            "autoload": {
                "files": [
                    "Src/Global.php"
                ],
                "psr-4": {
                    "Danidoble\\Translation\\": "Src\\"
                },
                "exclude-from-classmap": [
                    "/Tests/"
                ]
            },
            "notification-url": "https://packagist.org/downloads/",
            "license": [
                "MIT"
            ],
            "authors": [
                {
                    "name": "danidoble",
                    "email": "dani.doble.d@hotmail.com"
                }
            ],
            "description": "translate with json file",
            "homepage": "https://github.com/danidoble/translation",
            "keywords": [
                "danidoble",
                "translation"
            ],
            "support": {
                "issues": "https://github.com/danidoble/translation/issues",
                "source": "https://github.com/danidoble/translation/tree/v0.0.2"
            },
            "time": "2021-06-26T16:36:32+00:00"
        }
    ],
    "packages-dev": [],
    "aliases": [],
    "minimum-stability": "stable",
    "stability-flags": [],
    "prefer-stable": false,
    "prefer-lowest": false,
    "platform": {
        "php": "^8.0",
        "ext-json": "*"
    },
    "platform-dev": [],
    "plugin-api-version": "2.2.0"
}
